{
  "name": "ksindi-github-io-scripts",
  "version": "1.0.0",
  "lockfileVersion": 3,
  "requires": true,
  "packages": {
    "": {
      "name": "ksindi-github-io-scripts",
      "version": "1.0.0",
      "dependencies": {
        "@runwayml/sdk": "^3.5.0",
        "dotenv": "^16.4.5"
      },
      "engines": {
        "node": ">=18"
      }
    },
    "node_modules/@runwayml/sdk": {
      "version": "3.20.0",
      "resolved": "https://registry.npmjs.org/@runwayml/sdk/-/sdk-3.20.0.tgz",
      "integrity": "sha512-5jkkklPeETrcdRGjknY/X8OVAb6jCEdpDV+/eXMtH7Am+sWQmFuqeh0nXVgtAYg3Wn89uFSLpFc612Y3wl4oog==",
      "license": "Apache-2.0",
      "bin": {
        "runwayml-sdk": "bin/cli"
      }
    },
    "node_modules/dotenv": {
      "version": "16.6.1",
      "resolved": "https://registry.npmjs.org/dotenv/-/dotenv-16.6.1.tgz",
      "integrity": "sha512-uBq4egWHTcTt33a72vpSG0z3HnPuIl6NqYcTrKEg2azoEyl2hpW0zqlxysq2pK9HlDIHyHyakeYaYnSAwd8bow==",
      "license": "BSD-2-Clause",
      "engines": {
        "node": ">=12"
      },
      "funding": {
        "url": "https://dotenvx.com"
      }
    }
  }
}
